<?xml version="1.0" encoding="utf-8"?>
<Project xmlns="http://schemas.microsoft.com/developer/msbuild/2003" ToolsVersion="4.0">
  <ItemGroup>
    <Filter Include="소스 파일">
      <UniqueIdentifier>{4FC737F1-C7A5-4376-A066-2A32D752A2FF}</UniqueIdentifier>
      <Extensions>cpp;c;cc;cxx;c++;cppm;ixx;def;odl;idl;hpj;bat;asm;asmx</Extensions>
    </Filter>
    <Filter Include="헤더 파일">
      <UniqueIdentifier>{93995380-89BD-4b04-88EB-625FBE52EBFB}</UniqueIdentifier>
      <Extensions>h;hh;hpp;hxx;h++;hm;inl;inc;ipp;xsd</Extensions>
    </Filter>
    <Filter Include="리소스 파일">
      <UniqueIdentifier>{67DA6AB6-F800-4c08-8B7A-83BB121AAD01}</UniqueIdentifier>
      <Extensions>rc;ico;cur;bmp;dlg;rc2;rct;bin;rgs;gif;jpg;jpeg;jpe;resx;tiff;tif;png;wav;mfcribbon-ms</Extensions>
    </Filter>
  </ItemGroup>
  <ItemGroup>
    <ClCompile Include="Source/Engine/GameEngine.cpp">
      <Filter>소스 파일</Filter>
    </ClCompile>
    <ClCompile Include="Source/Engine/Components/GameObject.cpp">
      <Filter>소스 파일</Filter>
    </ClCompile>
    <ClCompile Include="Source/Engine/Components/Stage.cpp">
      <Filter>소스 파일</Filter>
    </ClCompile>
    <ClCompile Include="Source/Engine/EngineTypes/FTexture2D.cpp">
      <Filter>소스 파일</Filter>
    </ClCompile>
    <ClCompile Include="Source/Engine/EngineTypes/Rectangle.cpp">
      <Filter>소스 파일</Filter>
    </ClCompile>
    <ClCompile Include="Source/Engine/EngineTypes/Texture2D.cpp">
      <Filter>소스 파일</Filter>
    </ClCompile>
    <ClCompile Include="Source/Engine/EngineTypes/Vector2D.cpp">
      <Filter>소스 파일</Filter>
    </ClCompile>
    <ClCompile Include="Source/Engine/Manager/ObjectManager.cpp">
      <Filter>소스 파일</Filter>
    </ClCompile>
    <ClCompile Include="Source/Engine/Manager/SDLManager.cpp">
      <Filter>소스 파일</Filter>
    </ClCompile>
    <ClCompile Include="Source/SuikaGame/main.cpp">
      <Filter>소스 파일</Filter>
    </ClCompile>
    <ClCompile Include="Source/SuikaGame/SuikaGame.cpp">
      <Filter>소스 파일</Filter>
    </ClCompile>
    <ClCompile Include="Source/SuikaGame/GameObjects/BgmObject.cpp">
      <Filter>소스 파일</Filter>
    </ClCompile>
    <ClCompile Include="Source/SuikaGame/GameObjects/PlayerObject.cpp">
      <Filter>소스 파일</Filter>
    </ClCompile>
    <ClCompile Include="Source/SuikaGame/GameUIObjects/BorderBackgroundObject.cpp">
      <Filter>소스 파일</Filter>
    </ClCompile>
    <ClCompile Include="Source/SuikaGame/MenuUIObjects/GameLogoObject.cpp">
      <Filter>소스 파일</Filter>
    </ClCompile>
    <ClCompile Include="Source/SuikaGame/MenuUIObjects/StartButtonObject.cpp">
      <Filter>소스 파일</Filter>
    </ClCompile>
    <ClCompile Include="Source/SuikaGame/Stages/GameStage.cpp">
      <Filter>소스 파일</Filter>
    </ClCompile>
    <ClCompile Include="Source/SuikaGame/Stages/MenuStage.cpp">
      <Filter>소스 파일</Filter>
    </ClCompile>
    <ClCompile Include="Source\Engine\Manager\Box2DManager.cpp">
      <Filter>소스 파일</Filter>
    </ClCompile>
    <ClCompile Include="Source\SuikaGame\GameObjects\BackgroundObject.cpp">
      <Filter>소스 파일</Filter>
    </ClCompile>
    <ClCompile Include="Source\SuikaGame\GameUIObjects\ScoreboardObject.cpp">
      <Filter>소스 파일</Filter>
    </ClCompile>
    <ClCompile Include="Source\SuikaGame\GameObjects\FruitObject.cpp">
      <Filter>소스 파일</Filter>
    </ClCompile>
    <ClCompile Include="Source\SuikaGame\GameResources\FruitResourceObject.cpp">
      <Filter>소스 파일</Filter>
    </ClCompile>
    <ClCompile Include="Source\Engine\AbstractClasses\Renderable.cpp">
      <Filter>소스 파일</Filter>
    </ClCompile>
    <ClCompile Include="Source\Engine\EngineTypes\TextRender.cpp">
      <Filter>소스 파일</Filter>
    </ClCompile>
    <ClCompile Include="Source\SuikaGame\GameObjects\BorderBottomCollisionObject.cpp">
      <Filter>소스 파일</Filter>
    </ClCompile>
    <ClCompile Include="Source\SuikaGame\GameObjects\BorderObject.cpp">
      <Filter>소스 파일</Filter>
    </ClCompile>
    <ClCompile Include="Source\SuikaGame\GameObjects\BorderTopSensorObject.cpp">
      <Filter>소스 파일</Filter>
    </ClCompile>
    <ClCompile Include="Source\SuikaGame\GameUIObjects\NextFruitDisplayObject.cpp">
      <Filter>소스 파일</Filter>
    </ClCompile>
  </ItemGroup>
  <ItemGroup>
    <ClInclude Include="Source/Engine/EnginePCH.h">
      <Filter>헤더 파일</Filter>
    </ClInclude>
    <ClInclude Include="Source/Engine/GameEngine.h">
      <Filter>헤더 파일</Filter>
    </ClInclude>
    <ClInclude Include="Source/Engine/GlobalMacro.h">
      <Filter>헤더 파일</Filter>
    </ClInclude>
    <ClInclude Include="Source/Engine/Components/GameObject.h">
      <Filter>헤더 파일</Filter>
    </ClInclude>
    <ClInclude Include="Source/Engine/Components/Stage.h">
      <Filter>헤더 파일</Filter>
    </ClInclude>
    <ClInclude Include="Source/Engine/EngineTypes/FTexture2D.h">
      <Filter>헤더 파일</Filter>
    </ClInclude>
    <ClInclude Include="Source/Engine/EngineTypes/Rectangle.h">
      <Filter>헤더 파일</Filter>
    </ClInclude>
    <ClInclude Include="Source/Engine/EngineTypes/Texture2D.h">
      <Filter>헤더 파일</Filter>
    </ClInclude>
    <ClInclude Include="Source/Engine/EngineTypes/Vector2D.h">
      <Filter>헤더 파일</Filter>
    </ClInclude>
    <ClInclude Include="Source/Engine/Manager/ObjectManager.h">
      <Filter>헤더 파일</Filter>
    </ClInclude>
    <ClInclude Include="Source/Engine/Manager/SDLManager.h">
      <Filter>헤더 파일</Filter>
    </ClInclude>
    <ClInclude Include="Source/Engine/Utils/Math.h">
      <Filter>헤더 파일</Filter>
    </ClInclude>
    <ClInclude Include="Source/SuikaGame/SuikaGame.h">
      <Filter>헤더 파일</Filter>
    </ClInclude>
    <ClInclude Include="Source/SuikaGame/GameObjects/BgmObject.h">
      <Filter>헤더 파일</Filter>
    </ClInclude>
    <ClInclude Include="Source/SuikaGame/GameObjects/PlayerObject.h">
      <Filter>헤더 파일</Filter>
    </ClInclude>
    <ClInclude Include="Source/SuikaGame/GameUIObjects/BorderBackgroundObject.h">
      <Filter>헤더 파일</Filter>
    </ClInclude>
    <ClInclude Include="Source/SuikaGame/MenuUIObjects/GameLogoObject.h">
      <Filter>헤더 파일</Filter>
    </ClInclude>
    <ClInclude Include="Source/SuikaGame/MenuUIObjects/StartButtonObject.h">
      <Filter>헤더 파일</Filter>
    </ClInclude>
    <ClInclude Include="Source/SuikaGame/Stages/GameStage.h">
      <Filter>헤더 파일</Filter>
    </ClInclude>
    <ClInclude Include="Source/SuikaGame/Stages/MenuStage.h">
      <Filter>헤더 파일</Filter>
    </ClInclude>
    <ClInclude Include="Source\Engine\Manager\Box2DManager.h">
      <Filter>헤더 파일</Filter>
    </ClInclude>
    <ClInclude Include="Source\SuikaGame\GameObjects\BackgroundObject.h">
      <Filter>헤더 파일</Filter>
    </ClInclude>
    <ClInclude Include="Source\SuikaGame\GameUIObjects\ScoreboardObject.h">
      <Filter>헤더 파일</Filter>
    </ClInclude>
    <ClInclude Include="Source\SuikaGame\GameObjects\FruitObject.h">
      <Filter>헤더 파일</Filter>
    </ClInclude>
    <ClInclude Include="Source\SuikaGame\GameResources\FruitResourceObject.h">
      <Filter>헤더 파일</Filter>
    </ClInclude>
    <ClInclude Include="Source\Engine\AbstractClasses\Renderable.h">
      <Filter>헤더 파일</Filter>
    </ClInclude>
    <ClInclude Include="Source\Engine\EngineTypes\RenderAnchor.h">
      <Filter>헤더 파일</Filter>
    </ClInclude>
    <ClInclude Include="Source\Engine\EngineTypes\TextRender.h">
      <Filter>헤더 파일</Filter>
    </ClInclude>
    <ClInclude Include="Source\Engine\Utils\Delegate.h">
      <Filter>헤더 파일</Filter>
    </ClInclude>
    <ClInclude Include="Source\Engine\Utils\DelegateCombination.h">
      <Filter>헤더 파일</Filter>
    </ClInclude>
    <ClInclude Include="Source\Engine\Utils\LogMacros.h">
      <Filter>헤더 파일</Filter>
    </ClInclude>
    <ClInclude Include="Source\SuikaGame\GameObjects\BorderBottomCollisionObject.h">
      <Filter>헤더 파일</Filter>
    </ClInclude>
    <ClInclude Include="Source\SuikaGame\GameObjects\BorderObject.h">
      <Filter>헤더 파일</Filter>
    </ClInclude>
    <ClInclude Include="Source\SuikaGame\GameObjects\BorderTopSensorObject.h">
      <Filter>헤더 파일</Filter>
    </ClInclude>
    <ClInclude Include="Source\SuikaGame\GameUIObjects\NextFruitDisplayObject.h">
      <Filter>헤더 파일</Filter>
    </ClInclude>
  </ItemGroup>
  <ItemGroup>
    <ClCompile Include="Source/SuikaGame/main.cpp">
      <Filter>소스 파일</Filter>
    </ClCompile>
    <ClCompile Include="Source/SuikaGame/SuikaGame.cpp">
      <Filter>소스 파일</Filter>
    </ClCompile>
  </ItemGroup>
</Project>