<?xml version='1.0' encoding='utf-8'?>
<Project xmlns="http://schemas.microsoft.com/developer/msbuild/2003" ToolsVersion="4.0">
  <ItemGroup>
    <Filter Include="소스 파일">
      <UniqueIdentifier>{4FC737F1-C7A5-4376-A066-2A32D752A2FF}</UniqueIdentifier>
      <Extensions>cpp;c;cc;cxx;c++;cppm;ixx;def;odl;idl;hpj;bat;asm;asmx</Extensions>
    </Filter>
    <Filter Include="헤더 파일">
      <UniqueIdentifier>{93995380-89BD-4b04-88EB-625FBE52EBFB}</UniqueIdentifier>
      <Extensions>h;hh;hpp;hxx;h++;hm;inl;inc;ipp;xsd</Extensions>
    </Filter>
    <Filter Include="리소스 파일">
      <UniqueIdentifier>{67DA6AB6-F800-4c08-8B7A-83BB121AAD01}</UniqueIdentifier>
      <Extensions>rc;ico;cur;bmp;dlg;rc2;rct;bin;rgs;gif;jpg;jpeg;jpe;resx;tiff;tif;png;wav;mfcribbon-ms</Extensions>
    </Filter>
    <Filter Include="소스 파일\Components">
      <UniqueIdentifier>{b291d88e-47dd-4da0-9686-30838d818bc6}</UniqueIdentifier>
    </Filter>
    <Filter Include="헤더 파일\Components">
      <UniqueIdentifier>{02e37fde-5f20-4911-9ebc-9c4c0572e1c5}</UniqueIdentifier>
    </Filter>
  </ItemGroup>
  <ItemGroup><ClCompile Include="Source/Engine/EngineCore.cpp"><Filter>소스 파일</Filter></ClCompile><ClCompile Include="Source/Engine/GameEngine.cpp"><Filter>소스 파일</Filter></ClCompile><ClCompile Include="Source/Engine/Components/GameObject.cpp"><Filter>소스 파일</Filter></ClCompile><ClCompile Include="Source/Engine/Components/Stage.cpp"><Filter>소스 파일</Filter></ClCompile><ClCompile Include="Source/Engine/EngineTypes/Texture.cpp"><Filter>소스 파일</Filter></ClCompile><ClCompile Include="Source/Engine/EngineTypes/Vector2D.cpp"><Filter>소스 파일</Filter></ClCompile><ClCompile Include="Source/Engine/Manager/ObjectManager.cpp"><Filter>소스 파일</Filter></ClCompile><ClCompile Include="Source/Engine/Manager/SDLManager.cpp"><Filter>소스 파일</Filter></ClCompile><ClCompile Include="Source/SuikaGame/BackgoundObject.cpp"><Filter>소스 파일</Filter></ClCompile><ClCompile Include="Source/SuikaGame/BgmObject.cpp"><Filter>소스 파일</Filter></ClCompile><ClCompile Include="Source/SuikaGame/main.cpp"><Filter>소스 파일</Filter></ClCompile><ClCompile Include="Source/SuikaGame/SuikaGame.cpp"><Filter>소스 파일</Filter></ClCompile><ClCompile Include="Source/SuikaGame/Game/BorderBackgroundObject.cpp"><Filter>소스 파일</Filter></ClCompile><ClCompile Include="Source/SuikaGame/Game/BorderObject.cpp"><Filter>소스 파일</Filter></ClCompile><ClCompile Include="Source/SuikaGame/Game/GameStage.cpp"><Filter>소스 파일</Filter></ClCompile><ClCompile Include="Source/SuikaGame/Menu/GameLogoObject.cpp"><Filter>소스 파일</Filter></ClCompile><ClCompile Include="Source/SuikaGame/Menu/MenuStage.cpp"><Filter>소스 파일</Filter></ClCompile><ClCompile Include="Source/SuikaGame/Menu/StartButtonObject.cpp"><Filter>소스 파일</Filter></ClCompile></ItemGroup><ItemGroup><ClInclude Include="Source/Engine/EngineCore.h"><Filter>헤더 파일</Filter></ClInclude><ClInclude Include="Source/Engine/GameEngine.h"><Filter>헤더 파일</Filter></ClInclude><ClInclude Include="Source/Engine/GlobalMacro.h"><Filter>헤더 파일</Filter></ClInclude><ClInclude Include="Source/Engine/LogMacros.h"><Filter>헤더 파일</Filter></ClInclude><ClInclude Include="Source/Engine/Components/GameObject.h"><Filter>헤더 파일</Filter></ClInclude><ClInclude Include="Source/Engine/Components/Stage.h"><Filter>헤더 파일</Filter></ClInclude><ClInclude Include="Source/Engine/EngineTypes/Texture.h"><Filter>헤더 파일</Filter></ClInclude><ClInclude Include="Source/Engine/EngineTypes/Vector2D.h"><Filter>헤더 파일</Filter></ClInclude><ClInclude Include="Source/Engine/Manager/ObjectManager.h"><Filter>헤더 파일</Filter></ClInclude><ClInclude Include="Source/Engine/Manager/SDLManager.h"><Filter>헤더 파일</Filter></ClInclude><ClInclude Include="Source/Engine/Utils/Math.h"><Filter>헤더 파일</Filter></ClInclude><ClInclude Include="Source/SuikaGame/BackgoundObject.h"><Filter>헤더 파일</Filter></ClInclude><ClInclude Include="Source/SuikaGame/BgmObject.h"><Filter>헤더 파일</Filter></ClInclude><ClInclude Include="Source/SuikaGame/SuikaGame.h"><Filter>헤더 파일</Filter></ClInclude><ClInclude Include="Source/SuikaGame/Game/BorderBackgroundObject.h"><Filter>헤더 파일</Filter></ClInclude><ClInclude Include="Source/SuikaGame/Game/BorderObject.h"><Filter>헤더 파일</Filter></ClInclude><ClInclude Include="Source/SuikaGame/Game/GameStage.h"><Filter>헤더 파일</Filter></ClInclude><ClInclude Include="Source/SuikaGame/Menu/GameLogoObject.h"><Filter>헤더 파일</Filter></ClInclude><ClInclude Include="Source/SuikaGame/Menu/MenuStage.h"><Filter>헤더 파일</Filter></ClInclude><ClInclude Include="Source/SuikaGame/Menu/StartButtonObject.h"><Filter>헤더 파일</Filter></ClInclude></ItemGroup><ItemGroup>
    <None Include=".editorconfig" />
  </ItemGroup>
  <ItemGroup>
    <ClCompile Include="Source/Engine/App.cpp">
      <Filter>소스 파일</Filter>
    </ClCompile>
    <ClCompile Include="Source/SuikaGame/main.cpp">
      <Filter>소스 파일</Filter>
    </ClCompile>
    <ClCompile Include="Source/SuikaGame/SuikaGame.cpp">
      <Filter>소스 파일</Filter>
    </ClCompile>
  </ItemGroup>
</Project>